
Microsoft Visual Studio Solution File, Format Version 12.00
# Visual Studio 14
VisualStudioVersion = 14.0.25420.1
MinimumVisualStudioVersion = 10.0.40219.1
Project("{8BC9CEB8-8B4A-11D0-8D11-00A0C91BC942}") = "KMP", "ConsoleApplication1\ConsoleApplication1.vcxproj", "{622578E6-BE4A-42C2-BF8C-E58497B82A0D}"
EndProject
Project("{8BC9CEB8-8B4A-11D0-8D11-00A0C91BC942}") = "doublyLinkedList", "doublyLinkedList\doublyLinkedList.vcxproj", "{524A6EBE-7760-423D-9C87-CCCEECF93565}"
EndProject
Project("{8BC9CEB8-8B4A-11D0-8D11-00A0C91BC942}") = "staticLinkedList", "staticLinkedList\staticLinkedList.vcxproj", "{A2D4D094-FC96-46CA-8CD6-A385DE86346D}"
EndProject
Project("{8BC9CEB8-8B4A-11D0-8D11-00A0C91BC942}") = "3.1seqStack", "3.1seqStack\3.1seqStack.vcxproj", "{85AAA1DD-CA1D-433B-9111-9F590CD62BB7}"
EndProject
Project("{8BC9CEB8-8B4A-11D0-8D11-00A0C91BC942}") = "seqStack", "seqStack\seqStack.vcxproj", "{CE433D47-DAF3-46F5-B546-2F5A4E2AC14B}"
EndProject
Project("{8BC9CEB8-8B4A-11D0-8D11-00A0C91BC942}") = "ShuffleArray", "ShuffleArray\ShuffleArray.vcxproj", "{2E42ACDF-0821-46E3-8389-9ACC6F812E01}"
EndProject
Project("{8BC9CEB8-8B4A-11D0-8D11-00A0C91BC942}") = "3.2linkStack", "3.2linkStact\3.2linkStact.vcxproj", "{C07E454D-5EF3-4E79-8510-0B2FE841BB67}"
EndProject
Project("{8BC9CEB8-8B4A-11D0-8D11-00A0C91BC942}") = "3.3Queue", "3.3CirQueue\Queue.vcxproj", "{2ED1CEAF-3C3A-4324-A4B6-8BF87B2F2CFB}"
EndProject
Project("{8BC9CEB8-8B4A-11D0-8D11-00A0C91BC942}") = "LinkList", "Linklist\LinkList.vcxproj", "{B758BA7F-9006-46A8-89F5-50EA2CF3835E}"
EndProject
Project("{8BC9CEB8-8B4A-11D0-8D11-00A0C91BC942}") = "SeqList", "List\List.vcxproj", "{D1B2DB99-05B2-4006-B161-588A0113B4BF}"
EndProject
Project("{8BC9CEB8-8B4A-11D0-8D11-00A0C91BC942}") = "4.1BinaryTree", "4.1BinaryTree\4.1BinaryTree.vcxproj", "{7DA4A40E-2915-4ED4-B2F4-5ED1833B6A5D}"
EndProject
Project("{8BC9CEB8-8B4A-11D0-8D11-00A0C91BC942}") = "4.2HuffmanTree", "4.2HuffmanTree\4.2HuffmanTree.vcxproj", "{366F9FF0-F24E-45DF-B0E6-2B57A847A13D}"
EndProject
Project("{8BC9CEB8-8B4A-11D0-8D11-00A0C91BC942}") = "ShiYan4", "ShiYan4\ShiYan4.vcxproj", "{71C161E1-337F-47A3-80A8-BAA012777AA1}"
EndProject
Project("{8BC9CEB8-8B4A-11D0-8D11-00A0C91BC942}") = "ShiYan5", "ShiYan5\ShiYan5.vcxproj", "{A5B033BD-7E82-4E4C-B708-90348DDD6FD7}"
EndProject
Project("{8BC9CEB8-8B4A-11D0-8D11-00A0C91BC942}") = "6.0Graph", "6.0Graph\6.0Graph.vcxproj", "{C00C38AE-CD71-48D1-B63F-80F8C469EBCF}"
EndProject
Project("{8BC9CEB8-8B4A-11D0-8D11-00A0C91BC942}") = "ShiYan6", "ShiYan6\ShiYan6.vcxproj", "{B2B6A973-D606-4CFC-A4B9-FD1F25F8741E}"
EndProject
Global
	GlobalSection(SolutionConfigurationPlatforms) = preSolution
		Debug|x64 = Debug|x64
		Debug|x86 = Debug|x86
		Release|x64 = Release|x64
		Release|x86 = Release|x86
	EndGlobalSection
	GlobalSection(ProjectConfigurationPlatforms) = postSolution
		{622578E6-BE4A-42C2-BF8C-E58497B82A0D}.Debug|x64.ActiveCfg = Debug|x64
		{622578E6-BE4A-42C2-BF8C-E58497B82A0D}.Debug|x64.Build.0 = Debug|x64
		{622578E6-BE4A-42C2-BF8C-E58497B82A0D}.Debug|x86.ActiveCfg = Debug|Win32
		{622578E6-BE4A-42C2-BF8C-E58497B82A0D}.Debug|x86.Build.0 = Debug|Win32
		{622578E6-BE4A-42C2-BF8C-E58497B82A0D}.Release|x64.ActiveCfg = Release|x64
		{622578E6-BE4A-42C2-BF8C-E58497B82A0D}.Release|x64.Build.0 = Release|x64
		{622578E6-BE4A-42C2-BF8C-E58497B82A0D}.Release|x86.ActiveCfg = Release|Win32
		{622578E6-BE4A-42C2-BF8C-E58497B82A0D}.Release|x86.Build.0 = Release|Win32
		{524A6EBE-7760-423D-9C87-CCCEECF93565}.Debug|x64.ActiveCfg = Debug|x64
		{524A6EBE-7760-423D-9C87-CCCEECF93565}.Debug|x64.Build.0 = Debug|x64
		{524A6EBE-7760-423D-9C87-CCCEECF93565}.Debug|x86.ActiveCfg = Debug|Win32
		{524A6EBE-7760-423D-9C87-CCCEECF93565}.Debug|x86.Build.0 = Debug|Win32
		{524A6EBE-7760-423D-9C87-CCCEECF93565}.Release|x64.ActiveCfg = Release|x64
		{524A6EBE-7760-423D-9C87-CCCEECF93565}.Release|x64.Build.0 = Release|x64
		{524A6EBE-7760-423D-9C87-CCCEECF93565}.Release|x86.ActiveCfg = Release|Win32
		{524A6EBE-7760-423D-9C87-CCCEECF93565}.Release|x86.Build.0 = Release|Win32
		{A2D4D094-FC96-46CA-8CD6-A385DE86346D}.Debug|x64.ActiveCfg = Debug|x64
		{A2D4D094-FC96-46CA-8CD6-A385DE86346D}.Debug|x64.Build.0 = Debug|x64
		{A2D4D094-FC96-46CA-8CD6-A385DE86346D}.Debug|x86.ActiveCfg = Debug|Win32
		{A2D4D094-FC96-46CA-8CD6-A385DE86346D}.Debug|x86.Build.0 = Debug|Win32
		{A2D4D094-FC96-46CA-8CD6-A385DE86346D}.Release|x64.ActiveCfg = Release|x64
		{A2D4D094-FC96-46CA-8CD6-A385DE86346D}.Release|x64.Build.0 = Release|x64
		{A2D4D094-FC96-46CA-8CD6-A385DE86346D}.Release|x86.ActiveCfg = Release|Win32
		{A2D4D094-FC96-46CA-8CD6-A385DE86346D}.Release|x86.Build.0 = Release|Win32
		{85AAA1DD-CA1D-433B-9111-9F590CD62BB7}.Debug|x64.ActiveCfg = Debug|x64
		{85AAA1DD-CA1D-433B-9111-9F590CD62BB7}.Debug|x64.Build.0 = Debug|x64
		{85AAA1DD-CA1D-433B-9111-9F590CD62BB7}.Debug|x86.ActiveCfg = Debug|Win32
		{85AAA1DD-CA1D-433B-9111-9F590CD62BB7}.Debug|x86.Build.0 = Debug|Win32
		{85AAA1DD-CA1D-433B-9111-9F590CD62BB7}.Release|x64.ActiveCfg = Release|x64
		{85AAA1DD-CA1D-433B-9111-9F590CD62BB7}.Release|x64.Build.0 = Release|x64
		{85AAA1DD-CA1D-433B-9111-9F590CD62BB7}.Release|x86.ActiveCfg = Release|Win32
		{85AAA1DD-CA1D-433B-9111-9F590CD62BB7}.Release|x86.Build.0 = Release|Win32
		{CE433D47-DAF3-46F5-B546-2F5A4E2AC14B}.Debug|x64.ActiveCfg = Debug|Win32
		{CE433D47-DAF3-46F5-B546-2F5A4E2AC14B}.Debug|x86.ActiveCfg = Debug|Win32
		{CE433D47-DAF3-46F5-B546-2F5A4E2AC14B}.Debug|x86.Build.0 = Debug|Win32
		{CE433D47-DAF3-46F5-B546-2F5A4E2AC14B}.Release|x64.ActiveCfg = Release|Win32
		{CE433D47-DAF3-46F5-B546-2F5A4E2AC14B}.Release|x86.ActiveCfg = Release|Win32
		{CE433D47-DAF3-46F5-B546-2F5A4E2AC14B}.Release|x86.Build.0 = Release|Win32
		{2E42ACDF-0821-46E3-8389-9ACC6F812E01}.Debug|x64.ActiveCfg = Debug|x64
		{2E42ACDF-0821-46E3-8389-9ACC6F812E01}.Debug|x64.Build.0 = Debug|x64
		{2E42ACDF-0821-46E3-8389-9ACC6F812E01}.Debug|x86.ActiveCfg = Debug|Win32
		{2E42ACDF-0821-46E3-8389-9ACC6F812E01}.Debug|x86.Build.0 = Debug|Win32
		{2E42ACDF-0821-46E3-8389-9ACC6F812E01}.Release|x64.ActiveCfg = Release|x64
		{2E42ACDF-0821-46E3-8389-9ACC6F812E01}.Release|x64.Build.0 = Release|x64
		{2E42ACDF-0821-46E3-8389-9ACC6F812E01}.Release|x86.ActiveCfg = Release|Win32
		{2E42ACDF-0821-46E3-8389-9ACC6F812E01}.Release|x86.Build.0 = Release|Win32
		{C07E454D-5EF3-4E79-8510-0B2FE841BB67}.Debug|x64.ActiveCfg = Debug|x64
		{C07E454D-5EF3-4E79-8510-0B2FE841BB67}.Debug|x64.Build.0 = Debug|x64
		{C07E454D-5EF3-4E79-8510-0B2FE841BB67}.Debug|x86.ActiveCfg = Debug|Win32
		{C07E454D-5EF3-4E79-8510-0B2FE841BB67}.Debug|x86.Build.0 = Debug|Win32
		{C07E454D-5EF3-4E79-8510-0B2FE841BB67}.Release|x64.ActiveCfg = Release|x64
		{C07E454D-5EF3-4E79-8510-0B2FE841BB67}.Release|x64.Build.0 = Release|x64
		{C07E454D-5EF3-4E79-8510-0B2FE841BB67}.Release|x86.ActiveCfg = Release|Win32
		{C07E454D-5EF3-4E79-8510-0B2FE841BB67}.Release|x86.Build.0 = Release|Win32
		{2ED1CEAF-3C3A-4324-A4B6-8BF87B2F2CFB}.Debug|x64.ActiveCfg = Debug|x64
		{2ED1CEAF-3C3A-4324-A4B6-8BF87B2F2CFB}.Debug|x64.Build.0 = Debug|x64
		{2ED1CEAF-3C3A-4324-A4B6-8BF87B2F2CFB}.Debug|x86.ActiveCfg = Debug|Win32
		{2ED1CEAF-3C3A-4324-A4B6-8BF87B2F2CFB}.Debug|x86.Build.0 = Debug|Win32
		{2ED1CEAF-3C3A-4324-A4B6-8BF87B2F2CFB}.Release|x64.ActiveCfg = Release|x64
		{2ED1CEAF-3C3A-4324-A4B6-8BF87B2F2CFB}.Release|x64.Build.0 = Release|x64
		{2ED1CEAF-3C3A-4324-A4B6-8BF87B2F2CFB}.Release|x86.ActiveCfg = Release|Win32
		{2ED1CEAF-3C3A-4324-A4B6-8BF87B2F2CFB}.Release|x86.Build.0 = Release|Win32
		{B758BA7F-9006-46A8-89F5-50EA2CF3835E}.Debug|x64.ActiveCfg = Debug|Win32
		{B758BA7F-9006-46A8-89F5-50EA2CF3835E}.Debug|x86.ActiveCfg = Debug|Win32
		{B758BA7F-9006-46A8-89F5-50EA2CF3835E}.Debug|x86.Build.0 = Debug|Win32
		{B758BA7F-9006-46A8-89F5-50EA2CF3835E}.Release|x64.ActiveCfg = Release|Win32
		{B758BA7F-9006-46A8-89F5-50EA2CF3835E}.Release|x86.ActiveCfg = Release|Win32
		{B758BA7F-9006-46A8-89F5-50EA2CF3835E}.Release|x86.Build.0 = Release|Win32
		{D1B2DB99-05B2-4006-B161-588A0113B4BF}.Debug|x64.ActiveCfg = Debug|Win32
		{D1B2DB99-05B2-4006-B161-588A0113B4BF}.Debug|x86.ActiveCfg = Debug|Win32
		{D1B2DB99-05B2-4006-B161-588A0113B4BF}.Debug|x86.Build.0 = Debug|Win32
		{D1B2DB99-05B2-4006-B161-588A0113B4BF}.Release|x64.ActiveCfg = Release|Win32
		{D1B2DB99-05B2-4006-B161-588A0113B4BF}.Release|x86.ActiveCfg = Release|Win32
		{D1B2DB99-05B2-4006-B161-588A0113B4BF}.Release|x86.Build.0 = Release|Win32
		{7DA4A40E-2915-4ED4-B2F4-5ED1833B6A5D}.Debug|x64.ActiveCfg = Debug|x64
		{7DA4A40E-2915-4ED4-B2F4-5ED1833B6A5D}.Debug|x64.Build.0 = Debug|x64
		{7DA4A40E-2915-4ED4-B2F4-5ED1833B6A5D}.Debug|x86.ActiveCfg = Debug|Win32
		{7DA4A40E-2915-4ED4-B2F4-5ED1833B6A5D}.Debug|x86.Build.0 = Debug|Win32
		{7DA4A40E-2915-4ED4-B2F4-5ED1833B6A5D}.Release|x64.ActiveCfg = Release|x64
		{7DA4A40E-2915-4ED4-B2F4-5ED1833B6A5D}.Release|x64.Build.0 = Release|x64
		{7DA4A40E-2915-4ED4-B2F4-5ED1833B6A5D}.Release|x86.ActiveCfg = Release|Win32
		{7DA4A40E-2915-4ED4-B2F4-5ED1833B6A5D}.Release|x86.Build.0 = Release|Win32
		{366F9FF0-F24E-45DF-B0E6-2B57A847A13D}.Debug|x64.ActiveCfg = Debug|x64
		{366F9FF0-F24E-45DF-B0E6-2B57A847A13D}.Debug|x64.Build.0 = Debug|x64
		{366F9FF0-F24E-45DF-B0E6-2B57A847A13D}.Debug|x86.ActiveCfg = Debug|Win32
		{366F9FF0-F24E-45DF-B0E6-2B57A847A13D}.Debug|x86.Build.0 = Debug|Win32
		{366F9FF0-F24E-45DF-B0E6-2B57A847A13D}.Release|x64.ActiveCfg = Release|x64
		{366F9FF0-F24E-45DF-B0E6-2B57A847A13D}.Release|x64.Build.0 = Release|x64
		{366F9FF0-F24E-45DF-B0E6-2B57A847A13D}.Release|x86.ActiveCfg = Release|Win32
		{366F9FF0-F24E-45DF-B0E6-2B57A847A13D}.Release|x86.Build.0 = Release|Win32
		{71C161E1-337F-47A3-80A8-BAA012777AA1}.Debug|x64.ActiveCfg = Debug|x64
		{71C161E1-337F-47A3-80A8-BAA012777AA1}.Debug|x64.Build.0 = Debug|x64
		{71C161E1-337F-47A3-80A8-BAA012777AA1}.Debug|x86.ActiveCfg = Debug|Win32
		{71C161E1-337F-47A3-80A8-BAA012777AA1}.Debug|x86.Build.0 = Debug|Win32
		{71C161E1-337F-47A3-80A8-BAA012777AA1}.Release|x64.ActiveCfg = Release|x64
		{71C161E1-337F-47A3-80A8-BAA012777AA1}.Release|x64.Build.0 = Release|x64
		{71C161E1-337F-47A3-80A8-BAA012777AA1}.Release|x86.ActiveCfg = Release|Win32
		{71C161E1-337F-47A3-80A8-BAA012777AA1}.Release|x86.Build.0 = Release|Win32
		{A5B033BD-7E82-4E4C-B708-90348DDD6FD7}.Debug|x64.ActiveCfg = Debug|x64
		{A5B033BD-7E82-4E4C-B708-90348DDD6FD7}.Debug|x64.Build.0 = Debug|x64
		{A5B033BD-7E82-4E4C-B708-90348DDD6FD7}.Debug|x86.ActiveCfg = Debug|Win32
		{A5B033BD-7E82-4E4C-B708-90348DDD6FD7}.Debug|x86.Build.0 = Debug|Win32
		{A5B033BD-7E82-4E4C-B708-90348DDD6FD7}.Release|x64.ActiveCfg = Release|x64
		{A5B033BD-7E82-4E4C-B708-90348DDD6FD7}.Release|x64.Build.0 = Release|x64
		{A5B033BD-7E82-4E4C-B708-90348DDD6FD7}.Release|x86.ActiveCfg = Release|Win32
		{A5B033BD-7E82-4E4C-B708-90348DDD6FD7}.Release|x86.Build.0 = Release|Win32
		{C00C38AE-CD71-48D1-B63F-80F8C469EBCF}.Debug|x64.ActiveCfg = Debug|x64
		{C00C38AE-CD71-48D1-B63F-80F8C469EBCF}.Debug|x64.Build.0 = Debug|x64
		{C00C38AE-CD71-48D1-B63F-80F8C469EBCF}.Debug|x86.ActiveCfg = Debug|Win32
		{C00C38AE-CD71-48D1-B63F-80F8C469EBCF}.Debug|x86.Build.0 = Debug|Win32
		{C00C38AE-CD71-48D1-B63F-80F8C469EBCF}.Release|x64.ActiveCfg = Release|x64
		{C00C38AE-CD71-48D1-B63F-80F8C469EBCF}.Release|x64.Build.0 = Release|x64
		{C00C38AE-CD71-48D1-B63F-80F8C469EBCF}.Release|x86.ActiveCfg = Release|Win32
		{C00C38AE-CD71-48D1-B63F-80F8C469EBCF}.Release|x86.Build.0 = Release|Win32
		{B2B6A973-D606-4CFC-A4B9-FD1F25F8741E}.Debug|x64.ActiveCfg = Debug|x64
		{B2B6A973-D606-4CFC-A4B9-FD1F25F8741E}.Debug|x64.Build.0 = Debug|x64
		{B2B6A973-D606-4CFC-A4B9-FD1F25F8741E}.Debug|x86.ActiveCfg = Debug|Win32
		{B2B6A973-D606-4CFC-A4B9-FD1F25F8741E}.Debug|x86.Build.0 = Debug|Win32
		{B2B6A973-D606-4CFC-A4B9-FD1F25F8741E}.Release|x64.ActiveCfg = Release|x64
		{B2B6A973-D606-4CFC-A4B9-FD1F25F8741E}.Release|x64.Build.0 = Release|x64
		{B2B6A973-D606-4CFC-A4B9-FD1F25F8741E}.Release|x86.ActiveCfg = Release|Win32
		{B2B6A973-D606-4CFC-A4B9-FD1F25F8741E}.Release|x86.Build.0 = Release|Win32
	EndGlobalSection
	GlobalSection(SolutionProperties) = preSolution
		HideSolutionNode = FALSE
	EndGlobalSection
EndGlobal
